{
  "name": "ts",
  "version": "1.0.0",
  "lockfileVersion": 3,
  "requires": true,
  "packages": {
    "": {
      "name": "ts",
      "version": "1.0.0",
      "license": "ISC",
      "dependencies": {
        "jtestss": "^0.1.4"
      }
    },
    "node_modules/jtestss": {
      "version": "0.1.4",
      "resolved": "https://registry.npmjs.org/jtestss/-/jtestss-0.1.4.tgz",
      "integrity": "sha512-95M2rik0CLcCKfUgxziamLGrYB44WeRuXCKQlI9NSjFntHAxFM4aZJ1gh9l5dUcDBVWrpE9e+aTlBqMVhBdXrA==",
      "license": "MIT"
    }
  }
}
